
Microsoft Visual Studio Solution File, Format Version 12.00
# Visual Studio Version 17
VisualStudioVersion = 17.14.37628.2
MinimumVisualStudioVersion = 10.0.40219.1
Project("{FAE04EC0-301F-11D3-BF4B-00C04F79EFBC}") = "WebSystem-Prefinals_Exam", "WebSystem-Prefinals_Exam\WebSystem-Prefinals_Exam.csproj", "{BBB53A7B-BE2E-42CC-A41A-A5942BFFD280}"
EndProject
Global
	GlobalSection(SolutionConfigurationPlatforms) = preSolution
		Debug|Any CPU = Debug|Any CPU
		Release|Any CPU = Release|Any CPU
	EndGlobalSection
	GlobalSection(ProjectConfigurationPlatforms) = postSolution
		{BBB53A7B-BE2E-42CC-A41A-A5942BFFD280}.Debug|Any CPU.ActiveCfg = Debug|Any CPU
		{BBB53A7B-BE2E-42CC-A41A-A5942BFFD280}.Debug|Any CPU.Build.0 = Debug|Any CPU
		{BBB53A7B-BE2E-42CC-A41A-A5942BFFD280}.Release|Any CPU.ActiveCfg = Release|Any CPU
		{BBB53A7B-BE2E-42CC-A41A-A5942BFFD280}.Release|Any CPU.Build.0 = Release|Any CPU
	EndGlobalSection
	GlobalSection(SolutionProperties) = preSolution
		HideSolutionNode = FALSE
	EndGlobalSection
	GlobalSection(ExtensibilityGlobals) = postSolution
		SolutionGuid = {D0BCC49B-DAF2-49FC-BA36-4BF1409E0264}
	EndGlobalSection
EndGlobal
